
Microsoft Visual Studio Solution File, Format Version 12.00
# Visual Studio Version 17
VisualStudioVersion = 17.9.34723.18
MinimumVisualStudioVersion = 10.0.40219.1
Project("{9A19103F-16F7-4668-BE54-9A1E7A4F7556}") = "WebKrot", "WebKrot\WebKrot.csproj", "{CFF74946-3958-4A55-960F-211994C9C16D}"
EndProject
Project("{FAE04EC0-301F-11D3-BF4B-00C04F79EFBC}") = "Core", "Core\Core.csproj", "{16AFB9ED-0F17-4B30-AE31-D28084164D42}"
EndProject
Project("{FAE04EC0-301F-11D3-BF4B-00C04F79EFBC}") = "Infrastructure", "Infrastructure\Infrastructure.csproj", "{C242FB13-8F69-47E7-87A8-1310BFD64DCE}"
EndProject
Global
	GlobalSection(SolutionConfigurationPlatforms) = preSolution
		Debug|Any CPU = Debug|Any CPU
		Release|Any CPU = Release|Any CPU
	EndGlobalSection
	GlobalSection(ProjectConfigurationPlatforms) = postSolution
		{CFF74946-3958-4A55-960F-211994C9C16D}.Debug|Any CPU.ActiveCfg = Debug|Any CPU
		{CFF74946-3958-4A55-960F-211994C9C16D}.Debug|Any CPU.Build.0 = Debug|Any CPU
		{CFF74946-3958-4A55-960F-211994C9C16D}.Release|Any CPU.ActiveCfg = Release|Any CPU
		{CFF74946-3958-4A55-960F-211994C9C16D}.Release|Any CPU.Build.0 = Release|Any CPU
		{16AFB9ED-0F17-4B30-AE31-D28084164D42}.Debug|Any CPU.ActiveCfg = Debug|Any CPU
		{16AFB9ED-0F17-4B30-AE31-D28084164D42}.Debug|Any CPU.Build.0 = Debug|Any CPU
		{16AFB9ED-0F17-4B30-AE31-D28084164D42}.Release|Any CPU.ActiveCfg = Release|Any CPU
		{16AFB9ED-0F17-4B30-AE31-D28084164D42}.Release|Any CPU.Build.0 = Release|Any CPU
		{C242FB13-8F69-47E7-87A8-1310BFD64DCE}.Debug|Any CPU.ActiveCfg = Debug|Any CPU
		{C242FB13-8F69-47E7-87A8-1310BFD64DCE}.Debug|Any CPU.Build.0 = Debug|Any CPU
		{C242FB13-8F69-47E7-87A8-1310BFD64DCE}.Release|Any CPU.ActiveCfg = Release|Any CPU
		{C242FB13-8F69-47E7-87A8-1310BFD64DCE}.Release|Any CPU.Build.0 = Release|Any CPU
	EndGlobalSection
	GlobalSection(SolutionProperties) = preSolution
		HideSolutionNode = FALSE
	EndGlobalSection
	GlobalSection(ExtensibilityGlobals) = postSolution
		SolutionGuid = {9972EE29-4896-4240-84E2-F3C43CD8D3B0}
	EndGlobalSection
EndGlobal
